// !$*UTF8*$!
{
	archiveVersion = 1;
	classes = {
	};
	objectVersion = 56;
	objects = {

/* Begin PBXBuildFile section */
		910886BD2B5DAE5D006B1BF1 /* AppDelegate.swift in Sources */ = {isa = PBXBuildFile; fileRef = 910886BC2B5DAE5D006B1BF1 /* AppDelegate.swift */; };
		910886BF2B5DAE5D006B1BF1 /* SceneDelegate.swift in Sources */ = {isa = PBXBuildFile; fileRef = 910886BE2B5DAE5D006B1BF1 /* SceneDelegate.swift */; };
		910886C42B5DAE5D006B1BF1 /* Main.storyboard in Resources */ = {isa = PBXBuildFile; fileRef = 910886C22B5DAE5D006B1BF1 /* Main.storyboard */; };
		910886C62B5DAE5E006B1BF1 /* Assets.xcassets in Resources */ = {isa = PBXBuildFile; fileRef = 910886C52B5DAE5E006B1BF1 /* Assets.xcassets */; };
		910886C92B5DAE5E006B1BF1 /* LaunchScreen.storyboard in Resources */ = {isa = PBXBuildFile; fileRef = 910886C72B5DAE5E006B1BF1 /* LaunchScreen.storyboard */; };
		910886D42B5DAE5E006B1BF1 /* EdamameTests.swift in Sources */ = {isa = PBXBuildFile; fileRef = 910886D32B5DAE5E006B1BF1 /* EdamameTests.swift */; };
		910886DE2B5DAE5E006B1BF1 /* EdamameUITests.swift in Sources */ = {isa = PBXBuildFile; fileRef = 910886DD2B5DAE5E006B1BF1 /* EdamameUITests.swift */; };
		910886E02B5DAE5E006B1BF1 /* EdamameUITestsLaunchTests.swift in Sources */ = {isa = PBXBuildFile; fileRef = 910886DF2B5DAE5E006B1BF1 /* EdamameUITestsLaunchTests.swift */; };
		910886EF2B5DCB12006B1BF1 /* RootRouter.swift in Sources */ = {isa = PBXBuildFile; fileRef = 910886EE2B5DCB12006B1BF1 /* RootRouter.swift */; };
		910886F12B5DCB1B006B1BF1 /* Router.swift in Sources */ = {isa = PBXBuildFile; fileRef = 910886F02B5DCB1B006B1BF1 /* Router.swift */; };
		910886F82B5DCBFE006B1BF1 /* LoginPresenter.swift in Sources */ = {isa = PBXBuildFile; fileRef = 910886F72B5DCBFE006B1BF1 /* LoginPresenter.swift */; };
		910886FA2B5DCC08006B1BF1 /* LoginInteractor.swift in Sources */ = {isa = PBXBuildFile; fileRef = 910886F92B5DCC08006B1BF1 /* LoginInteractor.swift */; };
		910886FC2B5DCC17006B1BF1 /* LoginRouter.swift in Sources */ = {isa = PBXBuildFile; fileRef = 910886FB2B5DCC17006B1BF1 /* LoginRouter.swift */; };
		910886FE2B5DCC26006B1BF1 /* LoginViewController.storyboard in Resources */ = {isa = PBXBuildFile; fileRef = 910886FD2B5DCC26006B1BF1 /* LoginViewController.storyboard */; };
		910887002B5DCC78006B1BF1 /* LoginViewController.swift in Sources */ = {isa = PBXBuildFile; fileRef = 910886FF2B5DCC78006B1BF1 /* LoginViewController.swift */; };
		9192A0552B5FAD99007BF6A4 /* OnBoardingViewController.swift in Sources */ = {isa = PBXBuildFile; fileRef = 9192A0542B5FAD99007BF6A4 /* OnBoardingViewController.swift */; };
		9192A0572B5FADB4007BF6A4 /* OnBoardingPresenter.swift in Sources */ = {isa = PBXBuildFile; fileRef = 9192A0562B5FADB4007BF6A4 /* OnBoardingPresenter.swift */; };
		9192A05B2B5FADE7007BF6A4 /* OnBoardingRouter.swift in Sources */ = {isa = PBXBuildFile; fileRef = 9192A05A2B5FADE7007BF6A4 /* OnBoardingRouter.swift */; };
		9192A05D2B5FADFD007BF6A4 /* OnBoardingViewController.storyboard in Resources */ = {isa = PBXBuildFile; fileRef = 9192A05C2B5FADFD007BF6A4 /* OnBoardingViewController.storyboard */; };
		91FF02A72B61CF9A00EC438C /* Inter-Thin.ttf in Resources */ = {isa = PBXBuildFile; fileRef = 91FF029E2B61CF9A00EC438C /* Inter-Thin.ttf */; };
		91FF02A82B61CF9A00EC438C /* Inter-ExtraLight.ttf in Resources */ = {isa = PBXBuildFile; fileRef = 91FF029F2B61CF9A00EC438C /* Inter-ExtraLight.ttf */; };
		91FF02A92B61CF9A00EC438C /* Inter-Medium.ttf in Resources */ = {isa = PBXBuildFile; fileRef = 91FF02A02B61CF9A00EC438C /* Inter-Medium.ttf */; };
		91FF02AA2B61CF9A00EC438C /* Inter-SemiBold.ttf in Resources */ = {isa = PBXBuildFile; fileRef = 91FF02A12B61CF9A00EC438C /* Inter-SemiBold.ttf */; };
		91FF02AB2B61CF9A00EC438C /* Inter-Black.ttf in Resources */ = {isa = PBXBuildFile; fileRef = 91FF02A22B61CF9A00EC438C /* Inter-Black.ttf */; };
		91FF02AC2B61CF9A00EC438C /* Inter-Light.ttf in Resources */ = {isa = PBXBuildFile; fileRef = 91FF02A32B61CF9A00EC438C /* Inter-Light.ttf */; };
		91FF02AD2B61CF9A00EC438C /* Inter-ExtraBold.ttf in Resources */ = {isa = PBXBuildFile; fileRef = 91FF02A42B61CF9A00EC438C /* Inter-ExtraBold.ttf */; };
		91FF02AE2B61CF9A00EC438C /* Inter-Regular.ttf in Resources */ = {isa = PBXBuildFile; fileRef = 91FF02A52B61CF9A00EC438C /* Inter-Regular.ttf */; };
		91FF02AF2B61CF9A00EC438C /* Inter-Bold.ttf in Resources */ = {isa = PBXBuildFile; fileRef = 91FF02A62B61CF9A00EC438C /* Inter-Bold.ttf */; };
/* End PBXBuildFile section */

/* Begin PBXContainerItemProxy section */
		910886D02B5DAE5E006B1BF1 /* PBXContainerItemProxy */ = {
			isa = PBXContainerItemProxy;
			containerPortal = 910886B12B5DAE5D006B1BF1 /* Project object */;
			proxyType = 1;
			remoteGlobalIDString = 910886B82B5DAE5D006B1BF1;
			remoteInfo = Edamame;
		};
		910886DA2B5DAE5E006B1BF1 /* PBXContainerItemProxy */ = {
			isa = PBXContainerItemProxy;
			containerPortal = 910886B12B5DAE5D006B1BF1 /* Project object */;
			proxyType = 1;
			remoteGlobalIDString = 910886B82B5DAE5D006B1BF1;
			remoteInfo = Edamame;
		};
/* End PBXContainerItemProxy section */

/* Begin PBXFileReference section */
		910886B92B5DAE5D006B1BF1 /* Edamame.app */ = {isa = PBXFileReference; explicitFileType = wrapper.application; includeInIndex = 0; path = Edamame.app; sourceTree = BUILT_PRODUCTS_DIR; };
		910886BC2B5DAE5D006B1BF1 /* AppDelegate.swift */ = {isa = PBXFileReference; lastKnownFileType = sourcecode.swift; path = AppDelegate.swift; sourceTree = "<group>"; };
		910886BE2B5DAE5D006B1BF1 /* SceneDelegate.swift */ = {isa = PBXFileReference; lastKnownFileType = sourcecode.swift; path = SceneDelegate.swift; sourceTree = "<group>"; };
		910886C32B5DAE5D006B1BF1 /* Base */ = {isa = PBXFileReference; lastKnownFileType = file.storyboard; name = Base; path = Base.lproj/Main.storyboard; sourceTree = "<group>"; };
		910886C52B5DAE5E006B1BF1 /* Assets.xcassets */ = {isa = PBXFileReference; lastKnownFileType = folder.assetcatalog; path = Assets.xcassets; sourceTree = "<group>"; };
		910886C82B5DAE5E006B1BF1 /* Base */ = {isa = PBXFileReference; lastKnownFileType = file.storyboard; name = Base; path = Base.lproj/LaunchScreen.storyboard; sourceTree = "<group>"; };
		910886CA2B5DAE5E006B1BF1 /* Info.plist */ = {isa = PBXFileReference; lastKnownFileType = text.plist.xml; path = Info.plist; sourceTree = "<group>"; };
		910886CF2B5DAE5E006B1BF1 /* EdamameTests.xctest */ = {isa = PBXFileReference; explicitFileType = wrapper.cfbundle; includeInIndex = 0; path = EdamameTests.xctest; sourceTree = BUILT_PRODUCTS_DIR; };
		910886D32B5DAE5E006B1BF1 /* EdamameTests.swift */ = {isa = PBXFileReference; lastKnownFileType = sourcecode.swift; path = EdamameTests.swift; sourceTree = "<group>"; };
		910886D92B5DAE5E006B1BF1 /* EdamameUITests.xctest */ = {isa = PBXFileReference; explicitFileType = wrapper.cfbundle; includeInIndex = 0; path = EdamameUITests.xctest; sourceTree = BUILT_PRODUCTS_DIR; };
		910886DD2B5DAE5E006B1BF1 /* EdamameUITests.swift */ = {isa = PBXFileReference; lastKnownFileType = sourcecode.swift; path = EdamameUITests.swift; sourceTree = "<group>"; };
		910886DF2B5DAE5E006B1BF1 /* EdamameUITestsLaunchTests.swift */ = {isa = PBXFileReference; lastKnownFileType = sourcecode.swift; path = EdamameUITestsLaunchTests.swift; sourceTree = "<group>"; };
		910886EE2B5DCB12006B1BF1 /* RootRouter.swift */ = {isa = PBXFileReference; lastKnownFileType = sourcecode.swift; path = RootRouter.swift; sourceTree = "<group>"; };
		910886F02B5DCB1B006B1BF1 /* Router.swift */ = {isa = PBXFileReference; lastKnownFileType = sourcecode.swift; path = Router.swift; sourceTree = "<group>"; };
		910886F72B5DCBFE006B1BF1 /* LoginPresenter.swift */ = {isa = PBXFileReference; lastKnownFileType = sourcecode.swift; path = LoginPresenter.swift; sourceTree = "<group>"; };
		910886F92B5DCC08006B1BF1 /* LoginInteractor.swift */ = {isa = PBXFileReference; lastKnownFileType = sourcecode.swift; path = LoginInteractor.swift; sourceTree = "<group>"; };
		910886FB2B5DCC17006B1BF1 /* LoginRouter.swift */ = {isa = PBXFileReference; lastKnownFileType = sourcecode.swift; path = LoginRouter.swift; sourceTree = "<group>"; };
		910886FD2B5DCC26006B1BF1 /* LoginViewController.storyboard */ = {isa = PBXFileReference; lastKnownFileType = file.storyboard; path = LoginViewController.storyboard; sourceTree = "<group>"; };
		910886FF2B5DCC78006B1BF1 /* LoginViewController.swift */ = {isa = PBXFileReference; lastKnownFileType = sourcecode.swift; path = LoginViewController.swift; sourceTree = "<group>"; };
		9192A0542B5FAD99007BF6A4 /* OnBoardingViewController.swift */ = {isa = PBXFileReference; lastKnownFileType = sourcecode.swift; path = OnBoardingViewController.swift; sourceTree = "<group>"; };
		9192A0562B5FADB4007BF6A4 /* OnBoardingPresenter.swift */ = {isa = PBXFileReference; lastKnownFileType = sourcecode.swift; path = OnBoardingPresenter.swift; sourceTree = "<group>"; };
		9192A05A2B5FADE7007BF6A4 /* OnBoardingRouter.swift */ = {isa = PBXFileReference; lastKnownFileType = sourcecode.swift; path = OnBoardingRouter.swift; sourceTree = "<group>"; };
		9192A05C2B5FADFD007BF6A4 /* OnBoardingViewController.storyboard */ = {isa = PBXFileReference; lastKnownFileType = file.storyboard; path = OnBoardingViewController.storyboard; sourceTree = "<group>"; };
		91FF029E2B61CF9A00EC438C /* Inter-Thin.ttf */ = {isa = PBXFileReference; lastKnownFileType = file; path = "Inter-Thin.ttf"; sourceTree = "<group>"; };
		91FF029F2B61CF9A00EC438C /* Inter-ExtraLight.ttf */ = {isa = PBXFileReference; lastKnownFileType = file; path = "Inter-ExtraLight.ttf"; sourceTree = "<group>"; };
		91FF02A02B61CF9A00EC438C /* Inter-Medium.ttf */ = {isa = PBXFileReference; lastKnownFileType = file; path = "Inter-Medium.ttf"; sourceTree = "<group>"; };
		91FF02A12B61CF9A00EC438C /* Inter-SemiBold.ttf */ = {isa = PBXFileReference; lastKnownFileType = file; path = "Inter-SemiBold.ttf"; sourceTree = "<group>"; };
		91FF02A22B61CF9A00EC438C /* Inter-Black.ttf */ = {isa = PBXFileReference; lastKnownFileType = file; path = "Inter-Black.ttf"; sourceTree = "<group>"; };
		91FF02A32B61CF9A00EC438C /* Inter-Light.ttf */ = {isa = PBXFileReference; lastKnownFileType = file; path = "Inter-Light.ttf"; sourceTree = "<group>"; };
		91FF02A42B61CF9A00EC438C /* Inter-ExtraBold.ttf */ = {isa = PBXFileReference; lastKnownFileType = file; path = "Inter-ExtraBold.ttf"; sourceTree = "<group>"; };
		91FF02A52B61CF9A00EC438C /* Inter-Regular.ttf */ = {isa = PBXFileReference; lastKnownFileType = file; path = "Inter-Regular.ttf"; sourceTree = "<group>"; };
		91FF02A62B61CF9A00EC438C /* Inter-Bold.ttf */ = {isa = PBXFileReference; lastKnownFileType = file; path = "Inter-Bold.ttf"; sourceTree = "<group>"; };
/* End PBXFileReference section */

/* Begin PBXFrameworksBuildPhase section */
		910886B62B5DAE5D006B1BF1 /* Frameworks */ = {
			isa = PBXFrameworksBuildPhase;
			buildActionMask = 2147483647;
			files = (
			);
			runOnlyForDeploymentPostprocessing = 0;
		};
		910886CC2B5DAE5E006B1BF1 /* Frameworks */ = {
			isa = PBXFrameworksBuildPhase;
			buildActionMask = 2147483647;
			files = (
			);
			runOnlyForDeploymentPostprocessing = 0;
		};
		910886D62B5DAE5E006B1BF1 /* Frameworks */ = {
			isa = PBXFrameworksBuildPhase;
			buildActionMask = 2147483647;
			files = (
			);
			runOnlyForDeploymentPostprocessing = 0;
		};
/* End PBXFrameworksBuildPhase section */

/* Begin PBXGroup section */
		910886B02B5DAE5D006B1BF1 = {
			isa = PBXGroup;
			children = (
				910886BB2B5DAE5D006B1BF1 /* Edamame */,
				910886D22B5DAE5E006B1BF1 /* EdamameTests */,
				910886DC2B5DAE5E006B1BF1 /* EdamameUITests */,
				910886BA2B5DAE5D006B1BF1 /* Products */,
			);
			sourceTree = "<group>";
		};
		910886BA2B5DAE5D006B1BF1 /* Products */ = {
			isa = PBXGroup;
			children = (
				910886B92B5DAE5D006B1BF1 /* Edamame.app */,
				910886CF2B5DAE5E006B1BF1 /* EdamameTests.xctest */,
				910886D92B5DAE5E006B1BF1 /* EdamameUITests.xctest */,
			);
			name = Products;
			sourceTree = "<group>";
		};
		910886BB2B5DAE5D006B1BF1 /* Edamame */ = {
			isa = PBXGroup;
			children = (
				910886EC2B5DCADF006B1BF1 /* App */,
				910886ED2B5DCAEE006B1BF1 /* Base */,
				910886BE2B5DAE5D006B1BF1 /* SceneDelegate.swift */,
				910886C22B5DAE5D006B1BF1 /* Main.storyboard */,
				910886C52B5DAE5E006B1BF1 /* Assets.xcassets */,
				910886C72B5DAE5E006B1BF1 /* LaunchScreen.storyboard */,
				910886CA2B5DAE5E006B1BF1 /* Info.plist */,
			);
			path = Edamame;
			sourceTree = "<group>";
		};
		910886D22B5DAE5E006B1BF1 /* EdamameTests */ = {
			isa = PBXGroup;
			children = (
				910886D32B5DAE5E006B1BF1 /* EdamameTests.swift */,
			);
			path = EdamameTests;
			sourceTree = "<group>";
		};
		910886DC2B5DAE5E006B1BF1 /* EdamameUITests */ = {
			isa = PBXGroup;
			children = (
				910886DD2B5DAE5E006B1BF1 /* EdamameUITests.swift */,
				910886DF2B5DAE5E006B1BF1 /* EdamameUITestsLaunchTests.swift */,
			);
			path = EdamameUITests;
			sourceTree = "<group>";
		};
		910886EC2B5DCADF006B1BF1 /* App */ = {
			isa = PBXGroup;
			children = (
				910886BC2B5DAE5D006B1BF1 /* AppDelegate.swift */,
				910886EE2B5DCB12006B1BF1 /* RootRouter.swift */,
				910886F02B5DCB1B006B1BF1 /* Router.swift */,
			);
			path = App;
			sourceTree = "<group>";
		};
		910886ED2B5DCAEE006B1BF1 /* Base */ = {
			isa = PBXGroup;
			children = (
				91FF029C2B61CF7400EC438C /* Resources */,
				910886F22B5DCB8E006B1BF1 /* Modules */,
			);
			path = Base;
			sourceTree = "<group>";
		};
		910886F22B5DCB8E006B1BF1 /* Modules */ = {
			isa = PBXGroup;
			children = (
				910886F32B5DCBAA006B1BF1 /* Screens */,
			);
			path = Modules;
			sourceTree = "<group>";
		};
		910886F32B5DCBAA006B1BF1 /* Screens */ = {
			isa = PBXGroup;
			children = (
				9192A0532B5FAD6E007BF6A4 /* OnBoarding */,
				910886F42B5DCBB6006B1BF1 /* Login */,
			);
			path = Screens;
			sourceTree = "<group>";
		};
		910886F42B5DCBB6006B1BF1 /* Login */ = {
			isa = PBXGroup;
			children = (
				910886F72B5DCBFE006B1BF1 /* LoginPresenter.swift */,
				910886F92B5DCC08006B1BF1 /* LoginInteractor.swift */,
				910886FB2B5DCC17006B1BF1 /* LoginRouter.swift */,
				910886FD2B5DCC26006B1BF1 /* LoginViewController.storyboard */,
				910886FF2B5DCC78006B1BF1 /* LoginViewController.swift */,
			);
			path = Login;
			sourceTree = "<group>";
		};
		9192A0532B5FAD6E007BF6A4 /* OnBoarding */ = {
			isa = PBXGroup;
			children = (
				9192A0542B5FAD99007BF6A4 /* OnBoardingViewController.swift */,
				9192A0562B5FADB4007BF6A4 /* OnBoardingPresenter.swift */,
				9192A05A2B5FADE7007BF6A4 /* OnBoardingRouter.swift */,
				9192A05C2B5FADFD007BF6A4 /* OnBoardingViewController.storyboard */,
			);
			path = OnBoarding;
			sourceTree = "<group>";
		};
		91FF029C2B61CF7400EC438C /* Resources */ = {
			isa = PBXGroup;
			children = (
				91FF029D2B61CF8C00EC438C /* Fonts */,
			);
			path = Resources;
			sourceTree = "<group>";
		};
		91FF029D2B61CF8C00EC438C /* Fonts */ = {
			isa = PBXGroup;
			children = (
				91FF02A22B61CF9A00EC438C /* Inter-Black.ttf */,
				91FF02A62B61CF9A00EC438C /* Inter-Bold.ttf */,
				91FF02A42B61CF9A00EC438C /* Inter-ExtraBold.ttf */,
				91FF029F2B61CF9A00EC438C /* Inter-ExtraLight.ttf */,
				91FF02A32B61CF9A00EC438C /* Inter-Light.ttf */,
				91FF02A02B61CF9A00EC438C /* Inter-Medium.ttf */,
				91FF02A52B61CF9A00EC438C /* Inter-Regular.ttf */,
				91FF02A12B61CF9A00EC438C /* Inter-SemiBold.ttf */,
				91FF029E2B61CF9A00EC438C /* Inter-Thin.ttf */,
			);
			path = Fonts;
			sourceTree = "<group>";
		};
/* End PBXGroup section */

/* Begin PBXNativeTarget section */
		910886B82B5DAE5D006B1BF1 /* Edamame */ = {
			isa = PBXNativeTarget;
			buildConfigurationList = 910886E32B5DAE5E006B1BF1 /* Build configuration list for PBXNativeTarget "Edamame" */;
			buildPhases = (
				910886B52B5DAE5D006B1BF1 /* Sources */,
				910886B62B5DAE5D006B1BF1 /* Frameworks */,
				910886B72B5DAE5D006B1BF1 /* Resources */,
			);
			buildRules = (
			);
			dependencies = (
			);
			name = Edamame;
			productName = Edamame;
			productReference = 910886B92B5DAE5D006B1BF1 /* Edamame.app */;
			productType = "com.apple.product-type.application";
		};
		910886CE2B5DAE5E006B1BF1 /* EdamameTests */ = {
			isa = PBXNativeTarget;
			buildConfigurationList = 910886E62B5DAE5E006B1BF1 /* Build configuration list for PBXNativeTarget "EdamameTests" */;
			buildPhases = (
				910886CB2B5DAE5E006B1BF1 /* Sources */,
				910886CC2B5DAE5E006B1BF1 /* Frameworks */,
				910886CD2B5DAE5E006B1BF1 /* Resources */,
			);
			buildRules = (
			);
			dependencies = (
				910886D12B5DAE5E006B1BF1 /* PBXTargetDependency */,
			);
			name = EdamameTests;
			productName = EdamameTests;
			productReference = 910886CF2B5DAE5E006B1BF1 /* EdamameTests.xctest */;
			productType = "com.apple.product-type.bundle.unit-test";
		};
		910886D82B5DAE5E006B1BF1 /* EdamameUITests */ = {
			isa = PBXNativeTarget;
			buildConfigurationList = 910886E92B5DAE5E006B1BF1 /* Build configuration list for PBXNativeTarget "EdamameUITests" */;
			buildPhases = (
				910886D52B5DAE5E006B1BF1 /* Sources */,
				910886D62B5DAE5E006B1BF1 /* Frameworks */,
				910886D72B5DAE5E006B1BF1 /* Resources */,
			);
			buildRules = (
			);
			dependencies = (
				910886DB2B5DAE5E006B1BF1 /* PBXTargetDependency */,
			);
			name = EdamameUITests;
			productName = EdamameUITests;
			productReference = 910886D92B5DAE5E006B1BF1 /* EdamameUITests.xctest */;
			productType = "com.apple.product-type.bundle.ui-testing";
		};
/* End PBXNativeTarget section */

/* Begin PBXProject section */
		910886B12B5DAE5D006B1BF1 /* Project object */ = {
			isa = PBXProject;
			attributes = {
				BuildIndependentTargetsInParallel = 1;
				LastSwiftUpdateCheck = 1430;
				LastUpgradeCheck = 1430;
				TargetAttributes = {
					910886B82B5DAE5D006B1BF1 = {
						CreatedOnToolsVersion = 14.3;
					};
					910886CE2B5DAE5E006B1BF1 = {
						CreatedOnToolsVersion = 14.3;
						TestTargetID = 910886B82B5DAE5D006B1BF1;
					};
					910886D82B5DAE5E006B1BF1 = {
						CreatedOnToolsVersion = 14.3;
						TestTargetID = 910886B82B5DAE5D006B1BF1;
					};
				};
			};
			buildConfigurationList = 910886B42B5DAE5D006B1BF1 /* Build configuration list for PBXProject "Edamame" */;
			compatibilityVersion = "Xcode 14.0";
			developmentRegion = en;
			hasScannedForEncodings = 0;
			knownRegions = (
				en,
				Base,
			);
			mainGroup = 910886B02B5DAE5D006B1BF1;
			productRefGroup = 910886BA2B5DAE5D006B1BF1 /* Products */;
			projectDirPath = "";
			projectRoot = "";
			targets = (
				910886B82B5DAE5D006B1BF1 /* Edamame */,
				910886CE2B5DAE5E006B1BF1 /* EdamameTests */,
				910886D82B5DAE5E006B1BF1 /* EdamameUITests */,
			);
		};
/* End PBXProject section */

/* Begin PBXResourcesBuildPhase section */
		910886B72B5DAE5D006B1BF1 /* Resources */ = {
			isa = PBXResourcesBuildPhase;
			buildActionMask = 2147483647;
			files = (
				9192A05D2B5FADFD007BF6A4 /* OnBoardingViewController.storyboard in Resources */,
				910886C92B5DAE5E006B1BF1 /* LaunchScreen.storyboard in Resources */,
				91FF02A72B61CF9A00EC438C /* Inter-Thin.ttf in Resources */,
				91FF02AA2B61CF9A00EC438C /* Inter-SemiBold.ttf in Resources */,
				91FF02A82B61CF9A00EC438C /* Inter-ExtraLight.ttf in Resources */,
				91FF02A92B61CF9A00EC438C /* Inter-Medium.ttf in Resources */,
				910886FE2B5DCC26006B1BF1 /* LoginViewController.storyboard in Resources */,
				91FF02AB2B61CF9A00EC438C /* Inter-Black.ttf in Resources */,
				91FF02AE2B61CF9A00EC438C /* Inter-Regular.ttf in Resources */,
				91FF02AC2B61CF9A00EC438C /* Inter-Light.ttf in Resources */,
				91FF02AF2B61CF9A00EC438C /* Inter-Bold.ttf in Resources */,
				910886C62B5DAE5E006B1BF1 /* Assets.xcassets in Resources */,
				910886C42B5DAE5D006B1BF1 /* Main.storyboard in Resources */,
				91FF02AD2B61CF9A00EC438C /* Inter-ExtraBold.ttf in Resources */,
			);
			runOnlyForDeploymentPostprocessing = 0;
		};
		910886CD2B5DAE5E006B1BF1 /* Resources */ = {
			isa = PBXResourcesBuildPhase;
			buildActionMask = 2147483647;
			files = (
			);
			runOnlyForDeploymentPostprocessing = 0;
		};
		910886D72B5DAE5E006B1BF1 /* Resources */ = {
			isa = PBXResourcesBuildPhase;
			buildActionMask = 2147483647;
			files = (
			);
			runOnlyForDeploymentPostprocessing = 0;
		};
/* End PBXResourcesBuildPhase section */

/* Begin PBXSourcesBuildPhase section */
		910886B52B5DAE5D006B1BF1 /* Sources */ = {
			isa = PBXSourcesBuildPhase;
			buildActionMask = 2147483647;
			files = (
				910886F82B5DCBFE006B1BF1 /* LoginPresenter.swift in Sources */,
				910886F12B5DCB1B006B1BF1 /* Router.swift in Sources */,
				910886FA2B5DCC08006B1BF1 /* LoginInteractor.swift in Sources */,
				910886BD2B5DAE5D006B1BF1 /* AppDelegate.swift in Sources */,
				910887002B5DCC78006B1BF1 /* LoginViewController.swift in Sources */,
				910886EF2B5DCB12006B1BF1 /* RootRouter.swift in Sources */,
				9192A0552B5FAD99007BF6A4 /* OnBoardingViewController.swift in Sources */,
				910886FC2B5DCC17006B1BF1 /* LoginRouter.swift in Sources */,
				9192A05B2B5FADE7007BF6A4 /* OnBoardingRouter.swift in Sources */,
				910886BF2B5DAE5D006B1BF1 /* SceneDelegate.swift in Sources */,
				9192A0572B5FADB4007BF6A4 /* OnBoardingPresenter.swift in Sources */,
			);
			runOnlyForDeploymentPostprocessing = 0;
		};
		910886CB2B5DAE5E006B1BF1 /* Sources */ = {
			isa = PBXSourcesBuildPhase;
			buildActionMask = 2147483647;
			files = (
				910886D42B5DAE5E006B1BF1 /* EdamameTests.swift in Sources */,
			);
			runOnlyForDeploymentPostprocessing = 0;
		};
		910886D52B5DAE5E006B1BF1 /* Sources */ = {
			isa = PBXSourcesBuildPhase;
			buildActionMask = 2147483647;
			files = (
				910886DE2B5DAE5E006B1BF1 /* EdamameUITests.swift in Sources */,
				910886E02B5DAE5E006B1BF1 /* EdamameUITestsLaunchTests.swift in Sources */,
			);
			runOnlyForDeploymentPostprocessing = 0;
		};
/* End PBXSourcesBuildPhase section */

/* Begin PBXTargetDependency section */
		910886D12B5DAE5E006B1BF1 /* PBXTargetDependency */ = {
			isa = PBXTargetDependency;
			target = 910886B82B5DAE5D006B1BF1 /* Edamame */;
			targetProxy = 910886D02B5DAE5E006B1BF1 /* PBXContainerItemProxy */;
		};
		910886DB2B5DAE5E006B1BF1 /* PBXTargetDependency */ = {
			isa = PBXTargetDependency;
			target = 910886B82B5DAE5D006B1BF1 /* Edamame */;
			targetProxy = 910886DA2B5DAE5E006B1BF1 /* PBXContainerItemProxy */;
		};
/* End PBXTargetDependency section */

/* Begin PBXVariantGroup section */
		910886C22B5DAE5D006B1BF1 /* Main.storyboard */ = {
			isa = PBXVariantGroup;
			children = (
				910886C32B5DAE5D006B1BF1 /* Base */,
			);
			name = Main.storyboard;
			sourceTree = "<group>";
		};
		910886C72B5DAE5E006B1BF1 /* LaunchScreen.storyboard */ = {
			isa = PBXVariantGroup;
			children = (
				910886C82B5DAE5E006B1BF1 /* Base */,
			);
			name = LaunchScreen.storyboard;
			sourceTree = "<group>";
		};
/* End PBXVariantGroup section */

/* Begin XCBuildConfiguration section */
		910886E12B5DAE5E006B1BF1 /* Debug */ = {
			isa = XCBuildConfiguration;
			buildSettings = {
				ALWAYS_SEARCH_USER_PATHS = NO;
				CLANG_ANALYZER_NONNULL = YES;
				CLANG_ANALYZER_NUMBER_OBJECT_CONVERSION = YES_AGGRESSIVE;
				CLANG_CXX_LANGUAGE_STANDARD = "gnu++20";
				CLANG_ENABLE_MODULES = YES;
				CLANG_ENABLE_OBJC_ARC = YES;
				CLANG_ENABLE_OBJC_WEAK = YES;
				CLANG_WARN_BLOCK_CAPTURE_AUTORELEASING = YES;
				CLANG_WARN_BOOL_CONVERSION = YES;
				CLANG_WARN_COMMA = YES;
				CLANG_WARN_CONSTANT_CONVERSION = YES;
				CLANG_WARN_DEPRECATED_OBJC_IMPLEMENTATIONS = YES;
				CLANG_WARN_DIRECT_OBJC_ISA_USAGE = YES_ERROR;
				CLANG_WARN_DOCUMENTATION_COMMENTS = YES;
				CLANG_WARN_EMPTY_BODY = YES;
				CLANG_WARN_ENUM_CONVERSION = YES;
				CLANG_WARN_INFINITE_RECURSION = YES;
				CLANG_WARN_INT_CONVERSION = YES;
				CLANG_WARN_NON_LITERAL_NULL_CONVERSION = YES;
				CLANG_WARN_OBJC_IMPLICIT_RETAIN_SELF = YES;
				CLANG_WARN_OBJC_LITERAL_CONVERSION = YES;
				CLANG_WARN_OBJC_ROOT_CLASS = YES_ERROR;
				CLANG_WARN_QUOTED_INCLUDE_IN_FRAMEWORK_HEADER = YES;
				CLANG_WARN_RANGE_LOOP_ANALYSIS = YES;
				CLANG_WARN_STRICT_PROTOTYPES = YES;
				CLANG_WARN_SUSPICIOUS_MOVE = YES;
				CLANG_WARN_UNGUARDED_AVAILABILITY = YES_AGGRESSIVE;
				CLANG_WARN_UNREACHABLE_CODE = YES;
				CLANG_WARN__DUPLICATE_METHOD_MATCH = YES;
				COPY_PHASE_STRIP = NO;
				DEBUG_INFORMATION_FORMAT = dwarf;
				ENABLE_STRICT_OBJC_MSGSEND = YES;
				ENABLE_TESTABILITY = YES;
				GCC_C_LANGUAGE_STANDARD = gnu11;
				GCC_DYNAMIC_NO_PIC = NO;
				GCC_NO_COMMON_BLOCKS = YES;
				GCC_OPTIMIZATION_LEVEL = 0;
				GCC_PREPROCESSOR_DEFINITIONS = (
					"DEBUG=1",
					"$(inherited)",
				);
				GCC_WARN_64_TO_32_BIT_CONVERSION = YES;
				GCC_WARN_ABOUT_RETURN_TYPE = YES_ERROR;
				GCC_WARN_UNDECLARED_SELECTOR = YES;
				GCC_WARN_UNINITIALIZED_AUTOS = YES_AGGRESSIVE;
				GCC_WARN_UNUSED_FUNCTION = YES;
				GCC_WARN_UNUSED_VARIABLE = YES;
				IPHONEOS_DEPLOYMENT_TARGET = 16.4;
				MTL_ENABLE_DEBUG_INFO = INCLUDE_SOURCE;
				MTL_FAST_MATH = YES;
				ONLY_ACTIVE_ARCH = YES;
				SDKROOT = iphoneos;
				SWIFT_ACTIVE_COMPILATION_CONDITIONS = DEBUG;
				SWIFT_OPTIMIZATION_LEVEL = "-Onone";
			};
			name = Debug;
		};
		910886E22B5DAE5E006B1BF1 /* Release */ = {
			isa = XCBuildConfiguration;
			buildSettings = {
				ALWAYS_SEARCH_USER_PATHS = NO;
				CLANG_ANALYZER_NONNULL = YES;
				CLANG_ANALYZER_NUMBER_OBJECT_CONVERSION = YES_AGGRESSIVE;
				CLANG_CXX_LANGUAGE_STANDARD = "gnu++20";
				CLANG_ENABLE_MODULES = YES;
				CLANG_ENABLE_OBJC_ARC = YES;
				CLANG_ENABLE_OBJC_WEAK = YES;
				CLANG_WARN_BLOCK_CAPTURE_AUTORELEASING = YES;
				CLANG_WARN_BOOL_CONVERSION = YES;
				CLANG_WARN_COMMA = YES;
				CLANG_WARN_CONSTANT_CONVERSION = YES;
				CLANG_WARN_DEPRECATED_OBJC_IMPLEMENTATIONS = YES;
				CLANG_WARN_DIRECT_OBJC_ISA_USAGE = YES_ERROR;
				CLANG_WARN_DOCUMENTATION_COMMENTS = YES;
				CLANG_WARN_EMPTY_BODY = YES;
				CLANG_WARN_ENUM_CONVERSION = YES;
				CLANG_WARN_INFINITE_RECURSION = YES;
				CLANG_WARN_INT_CONVERSION = YES;
				CLANG_WARN_NON_LITERAL_NULL_CONVERSION = YES;
				CLANG_WARN_OBJC_IMPLICIT_RETAIN_SELF = YES;
				CLANG_WARN_OBJC_LITERAL_CONVERSION = YES;
				CLANG_WARN_OBJC_ROOT_CLASS = YES_ERROR;
				CLANG_WARN_QUOTED_INCLUDE_IN_FRAMEWORK_HEADER = YES;
				CLANG_WARN_RANGE_LOOP_ANALYSIS = YES;
				CLANG_WARN_STRICT_PROTOTYPES = YES;
				CLANG_WARN_SUSPICIOUS_MOVE = YES;
				CLANG_WARN_UNGUARDED_AVAILABILITY = YES_AGGRESSIVE;
				CLANG_WARN_UNREACHABLE_CODE = YES;
				CLANG_WARN__DUPLICATE_METHOD_MATCH = YES;
				COPY_PHASE_STRIP = NO;
				DEBUG_INFORMATION_FORMAT = "dwarf-with-dsym";
				ENABLE_NS_ASSERTIONS = NO;
				ENABLE_STRICT_OBJC_MSGSEND = YES;
				GCC_C_LANGUAGE_STANDARD = gnu11;
				GCC_NO_COMMON_BLOCKS = YES;
				GCC_WARN_64_TO_32_BIT_CONVERSION = YES;
				GCC_WARN_ABOUT_RETURN_TYPE = YES_ERROR;
				GCC_WARN_UNDECLARED_SELECTOR = YES;
				GCC_WARN_UNINITIALIZED_AUTOS = YES_AGGRESSIVE;
				GCC_WARN_UNUSED_FUNCTION = YES;
				GCC_WARN_UNUSED_VARIABLE = YES;
				IPHONEOS_DEPLOYMENT_TARGET = 16.4;
				MTL_ENABLE_DEBUG_INFO = NO;
				MTL_FAST_MATH = YES;
				SDKROOT = iphoneos;
				SWIFT_COMPILATION_MODE = wholemodule;
				SWIFT_OPTIMIZATION_LEVEL = "-O";
				VALIDATE_PRODUCT = YES;
			};
			name = Release;
		};
		910886E42B5DAE5E006B1BF1 /* Debug */ = {
			isa = XCBuildConfiguration;
			buildSettings = {
				ASSETCATALOG_COMPILER_APPICON_NAME = AppIcon;
				ASSETCATALOG_COMPILER_GLOBAL_ACCENT_COLOR_NAME = AccentColor;
				CODE_SIGN_STYLE = Automatic;
				CURRENT_PROJECT_VERSION = 1;
				DEVELOPMENT_TEAM = XZCMJSHQ4A;
				GENERATE_INFOPLIST_FILE = YES;
				INFOPLIST_FILE = Edamame/Info.plist;
				INFOPLIST_KEY_UIApplicationSupportsIndirectInputEvents = YES;
				INFOPLIST_KEY_UILaunchStoryboardName = LaunchScreen;
				INFOPLIST_KEY_UIMainStoryboardFile = Main;
				INFOPLIST_KEY_UISupportedInterfaceOrientations_iPad = "UIInterfaceOrientationPortrait UIInterfaceOrientationPortraitUpsideDown UIInterfaceOrientationLandscapeLeft UIInterfaceOrientationLandscapeRight";
				INFOPLIST_KEY_UISupportedInterfaceOrientations_iPhone = "UIInterfaceOrientationPortrait UIInterfaceOrientationLandscapeLeft UIInterfaceOrientationLandscapeRight";
				IPHONEOS_DEPLOYMENT_TARGET = 14.0;
				LD_RUNPATH_SEARCH_PATHS = (
					"$(inherited)",
					"@executable_path/Frameworks",
				);
				MARKETING_VERSION = 1.0;
				PRODUCT_BUNDLE_IDENTIFIER = com.BedriDogan.Edamame;
				PRODUCT_NAME = "$(TARGET_NAME)";
				SUPPORTED_PLATFORMS = "iphoneos iphonesimulator";
				SUPPORTS_MACCATALYST = NO;
				SUPPORTS_MAC_DESIGNED_FOR_IPHONE_IPAD = NO;
				SWIFT_EMIT_LOC_STRINGS = YES;
				SWIFT_VERSION = 5.0;
				TARGETED_DEVICE_FAMILY = 1;
			};
			name = Debug;
		};
		910886E52B5DAE5E006B1BF1 /* Release */ = {
			isa = XCBuildConfiguration;
			buildSettings = {
				ASSETCATALOG_COMPILER_APPICON_NAME = AppIcon;
				ASSETCATALOG_COMPILER_GLOBAL_ACCENT_COLOR_NAME = AccentColor;
				CODE_SIGN_STYLE = Automatic;
				CURRENT_PROJECT_VERSION = 1;
				DEVELOPMENT_TEAM = XZCMJSHQ4A;
				GENERATE_INFOPLIST_FILE = YES;
				INFOPLIST_FILE = Edamame/Info.plist;
				INFOPLIST_KEY_UIApplicationSupportsIndirectInputEvents = YES;
				INFOPLIST_KEY_UILaunchStoryboardName = LaunchScreen;
				INFOPLIST_KEY_UIMainStoryboardFile = Main;
				INFOPLIST_KEY_UISupportedInterfaceOrientations_iPad = "UIInterfaceOrientationPortrait UIInterfaceOrientationPortraitUpsideDown UIInterfaceOrientationLandscapeLeft UIInterfaceOrientationLandscapeRight";
				INFOPLIST_KEY_UISupportedInterfaceOrientations_iPhone = "UIInterfaceOrientationPortrait UIInterfaceOrientationLandscapeLeft UIInterfaceOrientationLandscapeRight";
				IPHONEOS_DEPLOYMENT_TARGET = 14.0;
				LD_RUNPATH_SEARCH_PATHS = (
					"$(inherited)",
					"@executable_path/Frameworks",
				);
				MARKETING_VERSION = 1.0;
				PRODUCT_BUNDLE_IDENTIFIER = com.BedriDogan.Edamame;
				PRODUCT_NAME = "$(TARGET_NAME)";
				SUPPORTED_PLATFORMS = "iphoneos iphonesimulator";
				SUPPORTS_MACCATALYST = NO;
				SUPPORTS_MAC_DESIGNED_FOR_IPHONE_IPAD = NO;
				SWIFT_EMIT_LOC_STRINGS = YES;
				SWIFT_VERSION = 5.0;
				TARGETED_DEVICE_FAMILY = 1;
			};
			name = Release;
		};
		910886E72B5DAE5E006B1BF1 /* Debug */ = {
			isa = XCBuildConfiguration;
			buildSettings = {
				ALWAYS_EMBED_SWIFT_STANDARD_LIBRARIES = YES;
				BUNDLE_LOADER = "$(TEST_HOST)";
				CODE_SIGN_STYLE = Automatic;
				CURRENT_PROJECT_VERSION = 1;
				DEVELOPMENT_TEAM = XZCMJSHQ4A;
				GENERATE_INFOPLIST_FILE = YES;
				IPHONEOS_DEPLOYMENT_TARGET = 16.4;
				MARKETING_VERSION = 1.0;
				PRODUCT_BUNDLE_IDENTIFIER = com.BedriDogan.EdamameTests;
				PRODUCT_NAME = "$(TARGET_NAME)";
				SWIFT_EMIT_LOC_STRINGS = NO;
				SWIFT_VERSION = 5.0;
				TARGETED_DEVICE_FAMILY = "1,2";
				TEST_HOST = "$(BUILT_PRODUCTS_DIR)/Edamame.app/$(BUNDLE_EXECUTABLE_FOLDER_PATH)/Edamame";
			};
			name = Debug;
		};
		910886E82B5DAE5E006B1BF1 /* Release */ = {
			isa = XCBuildConfiguration;
			buildSettings = {
				ALWAYS_EMBED_SWIFT_STANDARD_LIBRARIES = YES;
				BUNDLE_LOADER = "$(TEST_HOST)";
				CODE_SIGN_STYLE = Automatic;
				CURRENT_PROJECT_VERSION = 1;
				DEVELOPMENT_TEAM = XZCMJSHQ4A;
				GENERATE_INFOPLIST_FILE = YES;
				IPHONEOS_DEPLOYMENT_TARGET = 16.4;
				MARKETING_VERSION = 1.0;
				PRODUCT_BUNDLE_IDENTIFIER = com.BedriDogan.EdamameTests;
				PRODUCT_NAME = "$(TARGET_NAME)";
				SWIFT_EMIT_LOC_STRINGS = NO;
				SWIFT_VERSION = 5.0;
				TARGETED_DEVICE_FAMILY = "1,2";
				TEST_HOST = "$(BUILT_PRODUCTS_DIR)/Edamame.app/$(BUNDLE_EXECUTABLE_FOLDER_PATH)/Edamame";
			};
			name = Release;
		};
		910886EA2B5DAE5E006B1BF1 /* Debug */ = {
			isa = XCBuildConfiguration;
			buildSettings = {
				ALWAYS_EMBED_SWIFT_STANDARD_LIBRARIES = YES;
				CODE_SIGN_STYLE = Automatic;
				CURRENT_PROJECT_VERSION = 1;
				DEVELOPMENT_TEAM = XZCMJSHQ4A;
				GENERATE_INFOPLIST_FILE = YES;
				MARKETING_VERSION = 1.0;
				PRODUCT_BUNDLE_IDENTIFIER = com.BedriDogan.EdamameUITests;
				PRODUCT_NAME = "$(TARGET_NAME)";
				SWIFT_EMIT_LOC_STRINGS = NO;
				SWIFT_VERSION = 5.0;
				TARGETED_DEVICE_FAMILY = "1,2";
				TEST_TARGET_NAME = Edamame;
			};
			name = Debug;
		};
		910886EB2B5DAE5E006B1BF1 /* Release */ = {
			isa = XCBuildConfiguration;
			buildSettings = {
				ALWAYS_EMBED_SWIFT_STANDARD_LIBRARIES = YES;
				CODE_SIGN_STYLE = Automatic;
				CURRENT_PROJECT_VERSION = 1;
				DEVELOPMENT_TEAM = XZCMJSHQ4A;
				GENERATE_INFOPLIST_FILE = YES;
				MARKETING_VERSION = 1.0;
				PRODUCT_BUNDLE_IDENTIFIER = com.BedriDogan.EdamameUITests;
				PRODUCT_NAME = "$(TARGET_NAME)";
				SWIFT_EMIT_LOC_STRINGS = NO;
				SWIFT_VERSION = 5.0;
				TARGETED_DEVICE_FAMILY = "1,2";
				TEST_TARGET_NAME = Edamame;
			};
			name = Release;
		};
/* End XCBuildConfiguration section */

/* Begin XCConfigurationList section */
		910886B42B5DAE5D006B1BF1 /* Build configuration list for PBXProject "Edamame" */ = {
			isa = XCConfigurationList;
			buildConfigurations = (
				910886E12B5DAE5E006B1BF1 /* Debug */,
				910886E22B5DAE5E006B1BF1 /* Release */,
			);
			defaultConfigurationIsVisible = 0;
			defaultConfigurationName = Release;
		};
		910886E32B5DAE5E006B1BF1 /* Build configuration list for PBXNativeTarget "Edamame" */ = {
			isa = XCConfigurationList;
			buildConfigurations = (
				910886E42B5DAE5E006B1BF1 /* Debug */,
				910886E52B5DAE5E006B1BF1 /* Release */,
			);
			defaultConfigurationIsVisible = 0;
			defaultConfigurationName = Release;
		};
		910886E62B5DAE5E006B1BF1 /* Build configuration list for PBXNativeTarget "EdamameTests" */ = {
			isa = XCConfigurationList;
			buildConfigurations = (
				910886E72B5DAE5E006B1BF1 /* Debug */,
				910886E82B5DAE5E006B1BF1 /* Release */,
			);
			defaultConfigurationIsVisible = 0;
			defaultConfigurationName = Release;
		};
		910886E92B5DAE5E006B1BF1 /* Build configuration list for PBXNativeTarget "EdamameUITests" */ = {
			isa = XCConfigurationList;
			buildConfigurations = (
				910886EA2B5DAE5E006B1BF1 /* Debug */,
				910886EB2B5DAE5E006B1BF1 /* Release */,
			);
			defaultConfigurationIsVisible = 0;
			defaultConfigurationName = Release;
		};
/* End XCConfigurationList section */
	};
	rootObject = 910886B12B5DAE5D006B1BF1 /* Project object */;
}
